// !$*UTF8*$!
{
	archiveVersion = 1;
	classes = {
	};
	objectVersion = 50;
	objects = {

/* Begin PBXBuildFile section */
		F66EBA8E26DD4E64004F4758 /* AppDelegate.swift in Sources */ = {isa = PBXBuildFile; fileRef = F66EBA8D26DD4E64004F4758 /* AppDelegate.swift */; };
		F66EBA9026DD4E64004F4758 /* SceneDelegate.swift in Sources */ = {isa = PBXBuildFile; fileRef = F66EBA8F26DD4E64004F4758 /* SceneDelegate.swift */; };
		F66EBA9226DD4E64004F4758 /* ViewController.swift in Sources */ = {isa = PBXBuildFile; fileRef = F66EBA9126DD4E64004F4758 /* ViewController.swift */; };
		F66EBA9526DD4E64004F4758 /* Main.storyboard in Resources */ = {isa = PBXBuildFile; fileRef = F66EBA9326DD4E64004F4758 /* Main.storyboard */; };
		F66EBA9726DD4E6A004F4758 /* Assets.xcassets in Resources */ = {isa = PBXBuildFile; fileRef = F66EBA9626DD4E6A004F4758 /* Assets.xcassets */; };
		F66EBA9A26DD4E6A004F4758 /* LaunchScreen.storyboard in Resources */ = {isa = PBXBuildFile; fileRef = F66EBA9826DD4E6A004F4758 /* LaunchScreen.storyboard */; };
		F66EBAA226DD4E83004F4758 /* PhotoCollectionViewCell.swift in Sources */ = {isa = PBXBuildFile; fileRef = F66EBAA126DD4E83004F4758 /* PhotoCollectionViewCell.swift */; };
		F66EBAA426DD4E91004F4758 /* Model.swift in Sources */ = {isa = PBXBuildFile; fileRef = F66EBAA326DD4E91004F4758 /* Model.swift */; };
		F66EBAAA26DD7382004F4758 /* FirstViewController.swift in Sources */ = {isa = PBXBuildFile; fileRef = F66EBAA926DD7382004F4758 /* FirstViewController.swift */; };
/* End PBXBuildFile section */

/* Begin PBXFileReference section */
		F66EBA8A26DD4E64004F4758 /* Unsplash.app */ = {isa = PBXFileReference; explicitFileType = wrapper.application; includeInIndex = 0; path = Unsplash.app; sourceTree = BUILT_PRODUCTS_DIR; };
		F66EBA8D26DD4E64004F4758 /* AppDelegate.swift */ = {isa = PBXFileReference; lastKnownFileType = sourcecode.swift; path = AppDelegate.swift; sourceTree = "<group>"; };
		F66EBA8F26DD4E64004F4758 /* SceneDelegate.swift */ = {isa = PBXFileReference; lastKnownFileType = sourcecode.swift; path = SceneDelegate.swift; sourceTree = "<group>"; };
		F66EBA9126DD4E64004F4758 /* ViewController.swift */ = {isa = PBXFileReference; lastKnownFileType = sourcecode.swift; path = ViewController.swift; sourceTree = "<group>"; };
		F66EBA9426DD4E64004F4758 /* Base */ = {isa = PBXFileReference; lastKnownFileType = file.storyboard; name = Base; path = Base.lproj/Main.storyboard; sourceTree = "<group>"; };
		F66EBA9626DD4E6A004F4758 /* Assets.xcassets */ = {isa = PBXFileReference; lastKnownFileType = folder.assetcatalog; path = Assets.xcassets; sourceTree = "<group>"; };
		F66EBA9926DD4E6A004F4758 /* Base */ = {isa = PBXFileReference; lastKnownFileType = file.storyboard; name = Base; path = Base.lproj/LaunchScreen.storyboard; sourceTree = "<group>"; };
		F66EBA9B26DD4E6A004F4758 /* Info.plist */ = {isa = PBXFileReference; lastKnownFileType = text.plist.xml; path = Info.plist; sourceTree = "<group>"; };
		F66EBAA126DD4E83004F4758 /* PhotoCollectionViewCell.swift */ = {isa = PBXFileReference; lastKnownFileType = sourcecode.swift; path = PhotoCollectionViewCell.swift; sourceTree = "<group>"; };
		F66EBAA326DD4E91004F4758 /* Model.swift */ = {isa = PBXFileReference; lastKnownFileType = sourcecode.swift; path = Model.swift; sourceTree = "<group>"; };
		F66EBAA926DD7382004F4758 /* FirstViewController.swift */ = {isa = PBXFileReference; lastKnownFileType = sourcecode.swift; path = FirstViewController.swift; sourceTree = "<group>"; };
/* End PBXFileReference section */

/* Begin PBXFrameworksBuildPhase section */
		F66EBA8726DD4E64004F4758 /* Frameworks */ = {
			isa = PBXFrameworksBuildPhase;
			buildActionMask = 2147483647;
			files = (
			);
			runOnlyForDeploymentPostprocessing = 0;
		};
/* End PBXFrameworksBuildPhase section */

/* Begin PBXGroup section */
		F66EBA8126DD4E64004F4758 = {
			isa = PBXGroup;
			children = (
				F66EBA8C26DD4E64004F4758 /* Unsplash */,
				F66EBA8B26DD4E64004F4758 /* Products */,
			);
			sourceTree = "<group>";
		};
		F66EBA8B26DD4E64004F4758 /* Products */ = {
			isa = PBXGroup;
			children = (
				F66EBA8A26DD4E64004F4758 /* Unsplash.app */,
			);
			name = Products;
			sourceTree = "<group>";
		};
		F66EBA8C26DD4E64004F4758 /* Unsplash */ = {
			isa = PBXGroup;
			children = (
				F66EBAA926DD7382004F4758 /* FirstViewController.swift */,
				F66EBA8D26DD4E64004F4758 /* AppDelegate.swift */,
				F66EBA8F26DD4E64004F4758 /* SceneDelegate.swift */,
				F66EBA9126DD4E64004F4758 /* ViewController.swift */,
				F66EBA9326DD4E64004F4758 /* Main.storyboard */,
				F66EBA9626DD4E6A004F4758 /* Assets.xcassets */,
				F66EBA9826DD4E6A004F4758 /* LaunchScreen.storyboard */,
				F66EBA9B26DD4E6A004F4758 /* Info.plist */,
				F66EBAA126DD4E83004F4758 /* PhotoCollectionViewCell.swift */,
				F66EBAA326DD4E91004F4758 /* Model.swift */,
			);
			path = Unsplash;
			sourceTree = "<group>";
		};
/* End PBXGroup section */

/* Begin PBXNativeTarget section */
		F66EBA8926DD4E64004F4758 /* Unsplash */ = {
			isa = PBXNativeTarget;
			buildConfigurationList = F66EBA9E26DD4E6A004F4758 /* Build configuration list for PBXNativeTarget "Unsplash" */;
			buildPhases = (
				F66EBA8626DD4E64004F4758 /* Sources */,
				F66EBA8726DD4E64004F4758 /* Frameworks */,
				F66EBA8826DD4E64004F4758 /* Resources */,
			);
			buildRules = (
			);
			dependencies = (
			);
			name = Unsplash;
			productName = Unsplash;
			productReference = F66EBA8A26DD4E64004F4758 /* Unsplash.app */;
			productType = "com.apple.product-type.application";
		};
/* End PBXNativeTarget section */

/* Begin PBXProject section */
		F66EBA8226DD4E64004F4758 /* Project object */ = {
			isa = PBXProject;
			attributes = {
				LastSwiftUpdateCheck = 1250;
				LastUpgradeCheck = 1250;
				TargetAttributes = {
					F66EBA8926DD4E64004F4758 = {
						CreatedOnToolsVersion = 12.5.1;
					};
				};
			};
			buildConfigurationList = F66EBA8526DD4E64004F4758 /* Build configuration list for PBXProject "Unsplash" */;
			compatibilityVersion = "Xcode 9.3";
			developmentRegion = en;
			hasScannedForEncodings = 0;
			knownRegions = (
				en,
				Base,
			);
			mainGroup = F66EBA8126DD4E64004F4758;
			productRefGroup = F66EBA8B26DD4E64004F4758 /* Products */;
			projectDirPath = "";
			projectRoot = "";
			targets = (
				F66EBA8926DD4E64004F4758 /* Unsplash */,
			);
		};
/* End PBXProject section */

/* Begin PBXResourcesBuildPhase section */
		F66EBA8826DD4E64004F4758 /* Resources */ = {
			isa = PBXResourcesBuildPhase;
			buildActionMask = 2147483647;
			files = (
				F66EBA9A26DD4E6A004F4758 /* LaunchScreen.storyboard in Resources */,
				F66EBA9726DD4E6A004F4758 /* Assets.xcassets in Resources */,
				F66EBA9526DD4E64004F4758 /* Main.storyboard in Resources */,
			);
			runOnlyForDeploymentPostprocessing = 0;
		};
/* End PBXResourcesBuildPhase section */

/* Begin PBXSourcesBuildPhase section */
		F66EBA8626DD4E64004F4758 /* Sources */ = {
			isa = PBXSourcesBuildPhase;
			buildActionMask = 2147483647;
			files = (
				F66EBAA426DD4E91004F4758 /* Model.swift in Sources */,
				F66EBA9226DD4E64004F4758 /* ViewController.swift in Sources */,
				F66EBAA226DD4E83004F4758 /* PhotoCollectionViewCell.swift in Sources */,
				F66EBAAA26DD7382004F4758 /* FirstViewController.swift in Sources */,
				F66EBA8E26DD4E64004F4758 /* AppDelegate.swift in Sources */,
				F66EBA9026DD4E64004F4758 /* SceneDelegate.swift in Sources */,
			);
			runOnlyForDeploymentPostprocessing = 0;
		};
/* End PBXSourcesBuildPhase section */

/* Begin PBXVariantGroup section */
		F66EBA9326DD4E64004F4758 /* Main.storyboard */ = {
			isa = PBXVariantGroup;
			children = (
				F66EBA9426DD4E64004F4758 /* Base */,
			);
			name = Main.storyboard;
			sourceTree = "<group>";
		};
		F66EBA9826DD4E6A004F4758 /* LaunchScreen.storyboard */ = {
			isa = PBXVariantGroup;
			children = (
				F66EBA9926DD4E6A004F4758 /* Base */,
			);
			name = LaunchScreen.storyboard;
			sourceTree = "<group>";
		};
/* End PBXVariantGroup section */

/* Begin XCBuildConfiguration section */
		F66EBA9C26DD4E6A004F4758 /* Debug */ = {
			isa = XCBuildConfiguration;
			buildSettings = {
				ALWAYS_SEARCH_USER_PATHS = NO;
				CLANG_ANALYZER_NONNULL = YES;
				CLANG_ANALYZER_NUMBER_OBJECT_CONVERSION = YES_AGGRESSIVE;
				CLANG_CXX_LANGUAGE_STANDARD = "gnu++14";
				CLANG_CXX_LIBRARY = "libc++";
				CLANG_ENABLE_MODULES = YES;
				CLANG_ENABLE_OBJC_ARC = YES;
				CLANG_ENABLE_OBJC_WEAK = YES;
				CLANG_WARN_BLOCK_CAPTURE_AUTORELEASING = YES;
				CLANG_WARN_BOOL_CONVERSION = YES;
				CLANG_WARN_COMMA = YES;
				CLANG_WARN_CONSTANT_CONVERSION = YES;
				CLANG_WARN_DEPRECATED_OBJC_IMPLEMENTATIONS = YES;
				CLANG_WARN_DIRECT_OBJC_ISA_USAGE = YES_ERROR;
				CLANG_WARN_DOCUMENTATION_COMMENTS = YES;
				CLANG_WARN_EMPTY_BODY = YES;
				CLANG_WARN_ENUM_CONVERSION = YES;
				CLANG_WARN_INFINITE_RECURSION = YES;
				CLANG_WARN_INT_CONVERSION = YES;
				CLANG_WARN_NON_LITERAL_NULL_CONVERSION = YES;
				CLANG_WARN_OBJC_IMPLICIT_RETAIN_SELF = YES;
				CLANG_WARN_OBJC_LITERAL_CONVERSION = YES;
				CLANG_WARN_OBJC_ROOT_CLASS = YES_ERROR;
				CLANG_WARN_QUOTED_INCLUDE_IN_FRAMEWORK_HEADER = YES;
				CLANG_WARN_RANGE_LOOP_ANALYSIS = YES;
				CLANG_WARN_STRICT_PROTOTYPES = YES;
				CLANG_WARN_SUSPICIOUS_MOVE = YES;
				CLANG_WARN_UNGUARDED_AVAILABILITY = YES_AGGRESSIVE;
				CLANG_WARN_UNREACHABLE_CODE = YES;
				CLANG_WARN__DUPLICATE_METHOD_MATCH = YES;
				COPY_PHASE_STRIP = NO;
				DEBUG_INFORMATION_FORMAT = dwarf;
				ENABLE_STRICT_OBJC_MSGSEND = YES;
				ENABLE_TESTABILITY = YES;
				GCC_C_LANGUAGE_STANDARD = gnu11;
				GCC_DYNAMIC_NO_PIC = NO;
				GCC_NO_COMMON_BLOCKS = YES;
				GCC_OPTIMIZATION_LEVEL = 0;
				GCC_PREPROCESSOR_DEFINITIONS = (
					"DEBUG=1",
					"$(inherited)",
				);
				GCC_WARN_64_TO_32_BIT_CONVERSION = YES;
				GCC_WARN_ABOUT_RETURN_TYPE = YES_ERROR;
				GCC_WARN_UNDECLARED_SELECTOR = YES;
				GCC_WARN_UNINITIALIZED_AUTOS = YES_AGGRESSIVE;
				GCC_WARN_UNUSED_FUNCTION = YES;
				GCC_WARN_UNUSED_VARIABLE = YES;
				IPHONEOS_DEPLOYMENT_TARGET = 14.5;
				MTL_ENABLE_DEBUG_INFO = INCLUDE_SOURCE;
				MTL_FAST_MATH = YES;
				ONLY_ACTIVE_ARCH = YES;
				SDKROOT = iphoneos;
				SWIFT_ACTIVE_COMPILATION_CONDITIONS = DEBUG;
				SWIFT_OPTIMIZATION_LEVEL = "-Onone";
			};
			name = Debug;
		};
		F66EBA9D26DD4E6A004F4758 /* Release */ = {
			isa = XCBuildConfiguration;
			buildSettings = {
				ALWAYS_SEARCH_USER_PATHS = NO;
				CLANG_ANALYZER_NONNULL = YES;
				CLANG_ANALYZER_NUMBER_OBJECT_CONVERSION = YES_AGGRESSIVE;
				CLANG_CXX_LANGUAGE_STANDARD = "gnu++14";
				CLANG_CXX_LIBRARY = "libc++";
				CLANG_ENABLE_MODULES = YES;
				CLANG_ENABLE_OBJC_ARC = YES;
				CLANG_ENABLE_OBJC_WEAK = YES;
				CLANG_WARN_BLOCK_CAPTURE_AUTORELEASING = YES;
				CLANG_WARN_BOOL_CONVERSION = YES;
				CLANG_WARN_COMMA = YES;
				CLANG_WARN_CONSTANT_CONVERSION = YES;
				CLANG_WARN_DEPRECATED_OBJC_IMPLEMENTATIONS = YES;
				CLANG_WARN_DIRECT_OBJC_ISA_USAGE = YES_ERROR;
				CLANG_WARN_DOCUMENTATION_COMMENTS = YES;
				CLANG_WARN_EMPTY_BODY = YES;
				CLANG_WARN_ENUM_CONVERSION = YES;
				CLANG_WARN_INFINITE_RECURSION = YES;
				CLANG_WARN_INT_CONVERSION = YES;
				CLANG_WARN_NON_LITERAL_NULL_CONVERSION = YES;
				CLANG_WARN_OBJC_IMPLICIT_RETAIN_SELF = YES;
				CLANG_WARN_OBJC_LITERAL_CONVERSION = YES;
				CLANG_WARN_OBJC_ROOT_CLASS = YES_ERROR;
				CLANG_WARN_QUOTED_INCLUDE_IN_FRAMEWORK_HEADER = YES;
				CLANG_WARN_RANGE_LOOP_ANALYSIS = YES;
				CLANG_WARN_STRICT_PROTOTYPES = YES;
				CLANG_WARN_SUSPICIOUS_MOVE = YES;
				CLANG_WARN_UNGUARDED_AVAILABILITY = YES_AGGRESSIVE;
				CLANG_WARN_UNREACHABLE_CODE = YES;
				CLANG_WARN__DUPLICATE_METHOD_MATCH = YES;
				COPY_PHASE_STRIP = NO;
				DEBUG_INFORMATION_FORMAT = "dwarf-with-dsym";
				ENABLE_NS_ASSERTIONS = NO;
				ENABLE_STRICT_OBJC_MSGSEND = YES;
				GCC_C_LANGUAGE_STANDARD = gnu11;
				GCC_NO_COMMON_BLOCKS = YES;
				GCC_WARN_64_TO_32_BIT_CONVERSION = YES;
				GCC_WARN_ABOUT_RETURN_TYPE = YES_ERROR;
				GCC_WARN_UNDECLARED_SELECTOR = YES;
				GCC_WARN_UNINITIALIZED_AUTOS = YES_AGGRESSIVE;
				GCC_WARN_UNUSED_FUNCTION = YES;
				GCC_WARN_UNUSED_VARIABLE = YES;
				IPHONEOS_DEPLOYMENT_TARGET = 14.5;
				MTL_ENABLE_DEBUG_INFO = NO;
				MTL_FAST_MATH = YES;
				SDKROOT = iphoneos;
				SWIFT_COMPILATION_MODE = wholemodule;
				SWIFT_OPTIMIZATION_LEVEL = "-O";
				VALIDATE_PRODUCT = YES;
			};
			name = Release;
		};
		F66EBA9F26DD4E6A004F4758 /* Debug */ = {
			isa = XCBuildConfiguration;
			buildSettings = {
				ASSETCATALOG_COMPILER_APPICON_NAME = AppIcon;
				ASSETCATALOG_COMPILER_GLOBAL_ACCENT_COLOR_NAME = AccentColor;
				CODE_SIGN_STYLE = Automatic;
				DEVELOPMENT_TEAM = 25X7KNS89A;
				INFOPLIST_FILE = Unsplash/Info.plist;
				LD_RUNPATH_SEARCH_PATHS = (
					"$(inherited)",
					"@executable_path/Frameworks",
				);
				PRODUCT_BUNDLE_IDENTIFIER = ikaramazov.Unsplash;
				PRODUCT_NAME = "$(TARGET_NAME)";
				SWIFT_VERSION = 5.0;
				TARGETED_DEVICE_FAMILY = 1;
			};
			name = Debug;
		};
		F66EBAA026DD4E6A004F4758 /* Release */ = {
			isa = XCBuildConfiguration;
			buildSettings = {
				ASSETCATALOG_COMPILER_APPICON_NAME = AppIcon;
				ASSETCATALOG_COMPILER_GLOBAL_ACCENT_COLOR_NAME = AccentColor;
				CODE_SIGN_STYLE = Automatic;
				DEVELOPMENT_TEAM = 25X7KNS89A;
				INFOPLIST_FILE = Unsplash/Info.plist;
				LD_RUNPATH_SEARCH_PATHS = (
					"$(inherited)",
					"@executable_path/Frameworks",
				);
				PRODUCT_BUNDLE_IDENTIFIER = ikaramazov.Unsplash;
				PRODUCT_NAME = "$(TARGET_NAME)";
				SWIFT_VERSION = 5.0;
				TARGETED_DEVICE_FAMILY = 1;
			};
			name = Release;
		};
/* End XCBuildConfiguration section */

/* Begin XCConfigurationList section */
		F66EBA8526DD4E64004F4758 /* Build configuration list for PBXProject "Unsplash" */ = {
			isa = XCConfigurationList;
			buildConfigurations = (
				F66EBA9C26DD4E6A004F4758 /* Debug */,
				F66EBA9D26DD4E6A004F4758 /* Release */,
			);
			defaultConfigurationIsVisible = 0;
			defaultConfigurationName = Release;
		};
		F66EBA9E26DD4E6A004F4758 /* Build configuration list for PBXNativeTarget "Unsplash" */ = {
			isa = XCConfigurationList;
			buildConfigurations = (
				F66EBA9F26DD4E6A004F4758 /* Debug */,
				F66EBAA026DD4E6A004F4758 /* Release */,
			);
			defaultConfigurationIsVisible = 0;
			defaultConfigurationName = Release;
		};
/* End XCConfigurationList section */
	};
	rootObject = F66EBA8226DD4E64004F4758 /* Project object */;
}
